
Microsoft Visual Studio Solution File, Format Version 12.00
# Visual Studio Version 17
VisualStudioVersion = 17.4.33103.184
MinimumVisualStudioVersion = 10.0.40219.1
Project("{FAE04EC0-301F-11D3-BF4B-00C04F79EFBC}") = "GestaoDeVendas.Domain", "GestaoDeVendas.Domain\GestaoDeVendas.Domain.csproj", "{ACA7AB8D-0F2F-406B-A913-F63ADCA517AC}"
EndProject
Project("{FAE04EC0-301F-11D3-BF4B-00C04F79EFBC}") = "GestaoDeVendas.Web", "GestaoDeVendas.Web\GestaoDeVendas.Web.csproj", "{DD877796-6610-4A39-8C7B-FBC7AC11186F}"
EndProject
Project("{FAE04EC0-301F-11D3-BF4B-00C04F79EFBC}") = "GestaoDeVendas.Api", "GestaoDeVendas.Api\GestaoDeVendas.Api.csproj", "{4883B77B-9F8D-4D7B-BEEA-CDFF53227165}"
EndProject
Global
	GlobalSection(SolutionConfigurationPlatforms) = preSolution
		Debug|Any CPU = Debug|Any CPU
		Release|Any CPU = Release|Any CPU
	EndGlobalSection
	GlobalSection(ProjectConfigurationPlatforms) = postSolution
		{ACA7AB8D-0F2F-406B-A913-F63ADCA517AC}.Debug|Any CPU.ActiveCfg = Debug|Any CPU
		{ACA7AB8D-0F2F-406B-A913-F63ADCA517AC}.Debug|Any CPU.Build.0 = Debug|Any CPU
		{ACA7AB8D-0F2F-406B-A913-F63ADCA517AC}.Release|Any CPU.ActiveCfg = Release|Any CPU
		{ACA7AB8D-0F2F-406B-A913-F63ADCA517AC}.Release|Any CPU.Build.0 = Release|Any CPU
		{DD877796-6610-4A39-8C7B-FBC7AC11186F}.Debug|Any CPU.ActiveCfg = Debug|Any CPU
		{DD877796-6610-4A39-8C7B-FBC7AC11186F}.Debug|Any CPU.Build.0 = Debug|Any CPU
		{DD877796-6610-4A39-8C7B-FBC7AC11186F}.Release|Any CPU.ActiveCfg = Release|Any CPU
		{DD877796-6610-4A39-8C7B-FBC7AC11186F}.Release|Any CPU.Build.0 = Release|Any CPU
		{4883B77B-9F8D-4D7B-BEEA-CDFF53227165}.Debug|Any CPU.ActiveCfg = Debug|Any CPU
		{4883B77B-9F8D-4D7B-BEEA-CDFF53227165}.Debug|Any CPU.Build.0 = Debug|Any CPU
		{4883B77B-9F8D-4D7B-BEEA-CDFF53227165}.Release|Any CPU.ActiveCfg = Release|Any CPU
		{4883B77B-9F8D-4D7B-BEEA-CDFF53227165}.Release|Any CPU.Build.0 = Release|Any CPU
	EndGlobalSection
	GlobalSection(SolutionProperties) = preSolution
		HideSolutionNode = FALSE
	EndGlobalSection
	GlobalSection(ExtensibilityGlobals) = postSolution
		SolutionGuid = {8C0CAC9A-8139-47DB-9577-D5A156569CB7}
	EndGlobalSection
EndGlobal
